// !$*UTF8*$!
{
	archiveVersion = 1;
	classes = {
	};
	objectVersion = 55;
	objects = {

/* Begin PBXBuildFile section */
		AD139CB7268960AF00EAA27A /* AWSCore in Frameworks */ = {isa = PBXBuildFile; productRef = AD139CB6268960AF00EAA27A /* AWSCore */; };
		AD139CB9268960AF00EAA27A /* AWSLambda in Frameworks */ = {isa = PBXBuildFile; productRef = AD139CB8268960AF00EAA27A /* AWSLambda */; };
		AD139CBB268960AF00EAA27A /* AWSSNS in Frameworks */ = {isa = PBXBuildFile; productRef = AD139CBA268960AF00EAA27A /* AWSSNS */; };
		AD139CBD268ACD0700EAA27A /* CalendarManager.swift in Sources */ = {isa = PBXBuildFile; fileRef = AD139CBC268ACD0700EAA27A /* CalendarManager.swift */; };
		AD1CD7622686F3FE00C758E8 /* AWSAPI.swift in Sources */ = {isa = PBXBuildFile; fileRef = AD1CD7612686F3FE00C758E8 /* AWSAPI.swift */; };
		AD4B1EDC26997BEC00C7C5E1 /* Timeline.swift in Sources */ = {isa = PBXBuildFile; fileRef = AD4B1EDB26997BEC00C7C5E1 /* Timeline.swift */; };
		AD663865267B0A7300C6A340 /* TeslaAPI.swift in Sources */ = {isa = PBXBuildFile; fileRef = AD663864267B0A7300C6A340 /* TeslaAPI.swift */; };
		AD663868267B0BF800C6A340 /* UtilFunctions.swift in Sources */ = {isa = PBXBuildFile; fileRef = AD663867267B0BF800C6A340 /* UtilFunctions.swift */; };
		AD66386C267B1DC100C6A340 /* Settings.swift in Sources */ = {isa = PBXBuildFile; fileRef = AD66386B267B1DC100C6A340 /* Settings.swift */; };
		AD7C6209268FA8A30028E3AC /* AnimatedEllipses.swift in Sources */ = {isa = PBXBuildFile; fileRef = AD7C6208268FA8A30028E3AC /* AnimatedEllipses.swift */; };
		ADA2DAB426744DB2000C7501 /* ChargestateApp.swift in Sources */ = {isa = PBXBuildFile; fileRef = ADA2DAB326744DB2000C7501 /* ChargestateApp.swift */; };
		ADA2DAB626744DB2000C7501 /* ContentView.swift in Sources */ = {isa = PBXBuildFile; fileRef = ADA2DAB526744DB2000C7501 /* ContentView.swift */; };
		ADA2DAB826744DB3000C7501 /* Assets.xcassets in Resources */ = {isa = PBXBuildFile; fileRef = ADA2DAB726744DB3000C7501 /* Assets.xcassets */; };
		ADA2DABB26744DB3000C7501 /* Preview Assets.xcassets in Resources */ = {isa = PBXBuildFile; fileRef = ADA2DABA26744DB3000C7501 /* Preview Assets.xcassets */; };
		ADA2DAC026744DB3000C7501 /* Chargestate.xcdatamodeld in Sources */ = {isa = PBXBuildFile; fileRef = ADA2DABE26744DB3000C7501 /* Chargestate.xcdatamodeld */; };
		ADA2DAC726745230000C7501 /* AppState.swift in Sources */ = {isa = PBXBuildFile; fileRef = ADA2DAC626745230000C7501 /* AppState.swift */; };
		ADA2DACA2675AD0A000C7501 /* ManualItemEditor.swift in Sources */ = {isa = PBXBuildFile; fileRef = ADA2DAC92675AD0A000C7501 /* ManualItemEditor.swift */; };
		ADA2DAD22675E307000C7501 /* Plotting.swift in Sources */ = {isa = PBXBuildFile; fileRef = ADA2DAD12675E306000C7501 /* Plotting.swift */; };
		ADA2DAD52675E6AF000C7501 /* SwiftUICharts in Frameworks */ = {isa = PBXBuildFile; productRef = ADA2DAD42675E6AF000C7501 /* SwiftUICharts */; };
		ADF474F0267D3EC400F74A91 /* KeychainSwift in Frameworks */ = {isa = PBXBuildFile; productRef = ADF474EF267D3EC400F74A91 /* KeychainSwift */; };
/* End PBXBuildFile section */

/* Begin PBXFileReference section */
		AD139CBC268ACD0700EAA27A /* CalendarManager.swift */ = {isa = PBXFileReference; lastKnownFileType = sourcecode.swift; path = CalendarManager.swift; sourceTree = "<group>"; };
		AD1CD7612686F3FE00C758E8 /* AWSAPI.swift */ = {isa = PBXFileReference; lastKnownFileType = sourcecode.swift; path = AWSAPI.swift; sourceTree = "<group>"; };
		AD1CD7632686F56000C758E8 /* Chargestate.entitlements */ = {isa = PBXFileReference; lastKnownFileType = text.plist.entitlements; path = Chargestate.entitlements; sourceTree = "<group>"; };
		AD4B1EDB26997BEC00C7C5E1 /* Timeline.swift */ = {isa = PBXFileReference; lastKnownFileType = sourcecode.swift; path = Timeline.swift; sourceTree = "<group>"; };
		AD663864267B0A7300C6A340 /* TeslaAPI.swift */ = {isa = PBXFileReference; lastKnownFileType = sourcecode.swift; path = TeslaAPI.swift; sourceTree = "<group>"; };
		AD663867267B0BF800C6A340 /* UtilFunctions.swift */ = {isa = PBXFileReference; lastKnownFileType = sourcecode.swift; path = UtilFunctions.swift; sourceTree = "<group>"; };
		AD66386B267B1DC100C6A340 /* Settings.swift */ = {isa = PBXFileReference; lastKnownFileType = sourcecode.swift; path = Settings.swift; sourceTree = "<group>"; };
		AD7C6206268ED5D70028E3AC /* push.apn */ = {isa = PBXFileReference; lastKnownFileType = text; path = push.apn; sourceTree = "<group>"; };
		AD7C6208268FA8A30028E3AC /* AnimatedEllipses.swift */ = {isa = PBXFileReference; lastKnownFileType = sourcecode.swift; path = AnimatedEllipses.swift; sourceTree = "<group>"; };
		ADA2DAB026744DB2000C7501 /* Chargestate.app */ = {isa = PBXFileReference; explicitFileType = wrapper.application; includeInIndex = 0; path = Chargestate.app; sourceTree = BUILT_PRODUCTS_DIR; };
		ADA2DAB326744DB2000C7501 /* ChargestateApp.swift */ = {isa = PBXFileReference; lastKnownFileType = sourcecode.swift; path = ChargestateApp.swift; sourceTree = "<group>"; };
		ADA2DAB526744DB2000C7501 /* ContentView.swift */ = {isa = PBXFileReference; lastKnownFileType = sourcecode.swift; path = ContentView.swift; sourceTree = "<group>"; };
		ADA2DAB726744DB3000C7501 /* Assets.xcassets */ = {isa = PBXFileReference; lastKnownFileType = folder.assetcatalog; path = Assets.xcassets; sourceTree = "<group>"; };
		ADA2DABA26744DB3000C7501 /* Preview Assets.xcassets */ = {isa = PBXFileReference; lastKnownFileType = folder.assetcatalog; path = "Preview Assets.xcassets"; sourceTree = "<group>"; };
		ADA2DABF26744DB3000C7501 /* Chargestate.xcdatamodel */ = {isa = PBXFileReference; lastKnownFileType = wrapper.xcdatamodel; path = Chargestate.xcdatamodel; sourceTree = "<group>"; };
		ADA2DAC626745230000C7501 /* AppState.swift */ = {isa = PBXFileReference; lastKnownFileType = sourcecode.swift; path = AppState.swift; sourceTree = "<group>"; };
		ADA2DAC826758088000C7501 /* Info.plist */ = {isa = PBXFileReference; lastKnownFileType = text.plist; path = Info.plist; sourceTree = "<group>"; };
		ADA2DAC92675AD0A000C7501 /* ManualItemEditor.swift */ = {isa = PBXFileReference; lastKnownFileType = sourcecode.swift; path = ManualItemEditor.swift; sourceTree = "<group>"; };
		ADA2DAD12675E306000C7501 /* Plotting.swift */ = {isa = PBXFileReference; lastKnownFileType = sourcecode.swift; path = Plotting.swift; sourceTree = "<group>"; };
/* End PBXFileReference section */

/* Begin PBXFrameworksBuildPhase section */
		ADA2DAAD26744DB2000C7501 /* Frameworks */ = {
			isa = PBXFrameworksBuildPhase;
			buildActionMask = 2147483647;
			files = (
				AD139CBB268960AF00EAA27A /* AWSSNS in Frameworks */,
				AD139CB7268960AF00EAA27A /* AWSCore in Frameworks */,
				AD139CB9268960AF00EAA27A /* AWSLambda in Frameworks */,
				ADF474F0267D3EC400F74A91 /* KeychainSwift in Frameworks */,
				ADA2DAD52675E6AF000C7501 /* SwiftUICharts in Frameworks */,
			);
			runOnlyForDeploymentPostprocessing = 0;
		};
/* End PBXFrameworksBuildPhase section */

/* Begin PBXGroup section */
		AD663866267B0BEB00C6A340 /* Helpers */ = {
			isa = PBXGroup;
			children = (
				AD663867267B0BF800C6A340 /* UtilFunctions.swift */,
			);
			path = Helpers;
			sourceTree = "<group>";
		};
		AD7C6207268ED5DD0028E3AC /* Other */ = {
			isa = PBXGroup;
			children = (
				AD7C6206268ED5D70028E3AC /* push.apn */,
			);
			path = Other;
			sourceTree = "<group>";
		};
		ADA2DAA726744DB2000C7501 = {
			isa = PBXGroup;
			children = (
				ADA2DAB226744DB2000C7501 /* Chargestate */,
				ADA2DAB126744DB2000C7501 /* Products */,
			);
			sourceTree = "<group>";
		};
		ADA2DAB126744DB2000C7501 /* Products */ = {
			isa = PBXGroup;
			children = (
				ADA2DAB026744DB2000C7501 /* Chargestate.app */,
			);
			name = Products;
			sourceTree = "<group>";
		};
		ADA2DAB226744DB2000C7501 /* Chargestate */ = {
			isa = PBXGroup;
			children = (
				AD1CD7632686F56000C758E8 /* Chargestate.entitlements */,
				AD663866267B0BEB00C6A340 /* Helpers */,
				ADA2DAD726767B33000C7501 /* Model */,
				ADA2DAD626767B0F000C7501 /* GUI */,
				AD7C6207268ED5DD0028E3AC /* Other */,
				ADA2DAC826758088000C7501 /* Info.plist */,
				ADA2DAB326744DB2000C7501 /* ChargestateApp.swift */,
				ADA2DAB726744DB3000C7501 /* Assets.xcassets */,
				ADA2DABE26744DB3000C7501 /* Chargestate.xcdatamodeld */,
				ADA2DAB926744DB3000C7501 /* Preview Content */,
			);
			path = Chargestate;
			sourceTree = "<group>";
		};
		ADA2DAB926744DB3000C7501 /* Preview Content */ = {
			isa = PBXGroup;
			children = (
				ADA2DABA26744DB3000C7501 /* Preview Assets.xcassets */,
			);
			path = "Preview Content";
			sourceTree = "<group>";
		};
		ADA2DAD626767B0F000C7501 /* GUI */ = {
			isa = PBXGroup;
			children = (
				ADA2DAB526744DB2000C7501 /* ContentView.swift */,
				AD7C6208268FA8A30028E3AC /* AnimatedEllipses.swift */,
				ADA2DAC92675AD0A000C7501 /* ManualItemEditor.swift */,
				ADA2DAD12675E306000C7501 /* Plotting.swift */,
				AD66386B267B1DC100C6A340 /* Settings.swift */,
			);
			path = GUI;
			sourceTree = "<group>";
		};
		ADA2DAD726767B33000C7501 /* Model */ = {
			isa = PBXGroup;
			children = (
				AD4B1EDB26997BEC00C7C5E1 /* Timeline.swift */,
				ADA2DAC626745230000C7501 /* AppState.swift */,
				AD663864267B0A7300C6A340 /* TeslaAPI.swift */,
				AD1CD7612686F3FE00C758E8 /* AWSAPI.swift */,
				AD139CBC268ACD0700EAA27A /* CalendarManager.swift */,
			);
			path = Model;
			sourceTree = "<group>";
		};
/* End PBXGroup section */

/* Begin PBXNativeTarget section */
		ADA2DAAF26744DB2000C7501 /* Chargestate */ = {
			isa = PBXNativeTarget;
			buildConfigurationList = ADA2DAC326744DB3000C7501 /* Build configuration list for PBXNativeTarget "Chargestate" */;
			buildPhases = (
				ADA2DAAC26744DB2000C7501 /* Sources */,
				ADA2DAAD26744DB2000C7501 /* Frameworks */,
				ADA2DAAE26744DB2000C7501 /* Resources */,
			);
			buildRules = (
			);
			dependencies = (
			);
			name = Chargestate;
			packageProductDependencies = (
				ADA2DAD42675E6AF000C7501 /* SwiftUICharts */,
				ADF474EF267D3EC400F74A91 /* KeychainSwift */,
				AD139CB6268960AF00EAA27A /* AWSCore */,
				AD139CB8268960AF00EAA27A /* AWSLambda */,
				AD139CBA268960AF00EAA27A /* AWSSNS */,
			);
			productName = Chargestate;
			productReference = ADA2DAB026744DB2000C7501 /* Chargestate.app */;
			productType = "com.apple.product-type.application";
		};
/* End PBXNativeTarget section */

/* Begin PBXProject section */
		ADA2DAA826744DB2000C7501 /* Project object */ = {
			isa = PBXProject;
			attributes = {
				BuildIndependentTargetsInParallel = 1;
				LastSwiftUpdateCheck = 1300;
				LastUpgradeCheck = 1300;
				TargetAttributes = {
					ADA2DAAF26744DB2000C7501 = {
						CreatedOnToolsVersion = 13.0;
					};
				};
			};
			buildConfigurationList = ADA2DAAB26744DB2000C7501 /* Build configuration list for PBXProject "Chargestate" */;
			compatibilityVersion = "Xcode 13.0";
			developmentRegion = en;
			hasScannedForEncodings = 0;
			knownRegions = (
				en,
				Base,
			);
			mainGroup = ADA2DAA726744DB2000C7501;
			packageReferences = (
				ADA2DAD32675E6AF000C7501 /* XCRemoteSwiftPackageReference "ChartView" */,
				ADF474EE267D3EC400F74A91 /* XCRemoteSwiftPackageReference "keychain-swift" */,
				AD139CB5268960AF00EAA27A /* XCRemoteSwiftPackageReference "aws-sdk-ios-spm" */,
			);
			productRefGroup = ADA2DAB126744DB2000C7501 /* Products */;
			projectDirPath = "";
			projectRoot = "";
			targets = (
				ADA2DAAF26744DB2000C7501 /* Chargestate */,
			);
		};
/* End PBXProject section */

/* Begin PBXResourcesBuildPhase section */
		ADA2DAAE26744DB2000C7501 /* Resources */ = {
			isa = PBXResourcesBuildPhase;
			buildActionMask = 2147483647;
			files = (
				ADA2DABB26744DB3000C7501 /* Preview Assets.xcassets in Resources */,
				ADA2DAB826744DB3000C7501 /* Assets.xcassets in Resources */,
			);
			runOnlyForDeploymentPostprocessing = 0;
		};
/* End PBXResourcesBuildPhase section */

/* Begin PBXSourcesBuildPhase section */
		ADA2DAAC26744DB2000C7501 /* Sources */ = {
			isa = PBXSourcesBuildPhase;
			buildActionMask = 2147483647;
			files = (
				ADA2DAD22675E307000C7501 /* Plotting.swift in Sources */,
				AD7C6209268FA8A30028E3AC /* AnimatedEllipses.swift in Sources */,
				ADA2DAC726745230000C7501 /* AppState.swift in Sources */,
				ADA2DAB626744DB2000C7501 /* ContentView.swift in Sources */,
				ADA2DACA2675AD0A000C7501 /* ManualItemEditor.swift in Sources */,
				AD663865267B0A7300C6A340 /* TeslaAPI.swift in Sources */,
				AD139CBD268ACD0700EAA27A /* CalendarManager.swift in Sources */,
				AD663868267B0BF800C6A340 /* UtilFunctions.swift in Sources */,
				AD66386C267B1DC100C6A340 /* Settings.swift in Sources */,
				ADA2DAB426744DB2000C7501 /* ChargestateApp.swift in Sources */,
				AD4B1EDC26997BEC00C7C5E1 /* Timeline.swift in Sources */,
				AD1CD7622686F3FE00C758E8 /* AWSAPI.swift in Sources */,
				ADA2DAC026744DB3000C7501 /* Chargestate.xcdatamodeld in Sources */,
			);
			runOnlyForDeploymentPostprocessing = 0;
		};
/* End PBXSourcesBuildPhase section */

/* Begin XCBuildConfiguration section */
		ADA2DAC126744DB3000C7501 /* Debug */ = {
			isa = XCBuildConfiguration;
			buildSettings = {
				ALWAYS_SEARCH_USER_PATHS = NO;
				CLANG_ANALYZER_NONNULL = YES;
				CLANG_ANALYZER_NUMBER_OBJECT_CONVERSION = YES_AGGRESSIVE;
				CLANG_CXX_LANGUAGE_STANDARD = "gnu++14";
				CLANG_CXX_LIBRARY = "libc++";
				CLANG_ENABLE_MODULES = YES;
				CLANG_ENABLE_OBJC_ARC = YES;
				CLANG_ENABLE_OBJC_WEAK = YES;
				CLANG_WARN_BLOCK_CAPTURE_AUTORELEASING = YES;
				CLANG_WARN_BOOL_CONVERSION = YES;
				CLANG_WARN_COMMA = YES;
				CLANG_WARN_CONSTANT_CONVERSION = YES;
				CLANG_WARN_DEPRECATED_OBJC_IMPLEMENTATIONS = YES;
				CLANG_WARN_DIRECT_OBJC_ISA_USAGE = YES_ERROR;
				CLANG_WARN_DOCUMENTATION_COMMENTS = YES;
				CLANG_WARN_EMPTY_BODY = YES;
				CLANG_WARN_ENUM_CONVERSION = YES;
				CLANG_WARN_INFINITE_RECURSION = YES;
				CLANG_WARN_INT_CONVERSION = YES;
				CLANG_WARN_NON_LITERAL_NULL_CONVERSION = YES;
				CLANG_WARN_OBJC_IMPLICIT_RETAIN_SELF = YES;
				CLANG_WARN_OBJC_LITERAL_CONVERSION = YES;
				CLANG_WARN_OBJC_ROOT_CLASS = YES_ERROR;
				CLANG_WARN_QUOTED_INCLUDE_IN_FRAMEWORK_HEADER = YES;
				CLANG_WARN_RANGE_LOOP_ANALYSIS = YES;
				CLANG_WARN_STRICT_PROTOTYPES = YES;
				CLANG_WARN_SUSPICIOUS_MOVE = YES;
				CLANG_WARN_UNGUARDED_AVAILABILITY = YES_AGGRESSIVE;
				CLANG_WARN_UNREACHABLE_CODE = YES;
				CLANG_WARN__DUPLICATE_METHOD_MATCH = YES;
				COPY_PHASE_STRIP = NO;
				DEBUG_INFORMATION_FORMAT = dwarf;
				ENABLE_STRICT_OBJC_MSGSEND = YES;
				ENABLE_TESTABILITY = YES;
				GCC_C_LANGUAGE_STANDARD = gnu11;
				GCC_DYNAMIC_NO_PIC = NO;
				GCC_NO_COMMON_BLOCKS = YES;
				GCC_OPTIMIZATION_LEVEL = 0;
				GCC_PREPROCESSOR_DEFINITIONS = (
					"DEBUG=1",
					"$(inherited)",
				);
				GCC_WARN_64_TO_32_BIT_CONVERSION = YES;
				GCC_WARN_ABOUT_RETURN_TYPE = YES_ERROR;
				GCC_WARN_UNDECLARED_SELECTOR = YES;
				GCC_WARN_UNINITIALIZED_AUTOS = YES_AGGRESSIVE;
				GCC_WARN_UNUSED_FUNCTION = YES;
				GCC_WARN_UNUSED_VARIABLE = YES;
				IPHONEOS_DEPLOYMENT_TARGET = 15.0;
				MTL_ENABLE_DEBUG_INFO = INCLUDE_SOURCE;
				MTL_FAST_MATH = YES;
				ONLY_ACTIVE_ARCH = YES;
				SDKROOT = iphoneos;
				SWIFT_ACTIVE_COMPILATION_CONDITIONS = DEBUG;
				SWIFT_OPTIMIZATION_LEVEL = "-Onone";
			};
			name = Debug;
		};
		ADA2DAC226744DB3000C7501 /* Release */ = {
			isa = XCBuildConfiguration;
			buildSettings = {
				ALWAYS_SEARCH_USER_PATHS = NO;
				CLANG_ANALYZER_NONNULL = YES;
				CLANG_ANALYZER_NUMBER_OBJECT_CONVERSION = YES_AGGRESSIVE;
				CLANG_CXX_LANGUAGE_STANDARD = "gnu++14";
				CLANG_CXX_LIBRARY = "libc++";
				CLANG_ENABLE_MODULES = YES;
				CLANG_ENABLE_OBJC_ARC = YES;
				CLANG_ENABLE_OBJC_WEAK = YES;
				CLANG_WARN_BLOCK_CAPTURE_AUTORELEASING = YES;
				CLANG_WARN_BOOL_CONVERSION = YES;
				CLANG_WARN_COMMA = YES;
				CLANG_WARN_CONSTANT_CONVERSION = YES;
				CLANG_WARN_DEPRECATED_OBJC_IMPLEMENTATIONS = YES;
				CLANG_WARN_DIRECT_OBJC_ISA_USAGE = YES_ERROR;
				CLANG_WARN_DOCUMENTATION_COMMENTS = YES;
				CLANG_WARN_EMPTY_BODY = YES;
				CLANG_WARN_ENUM_CONVERSION = YES;
				CLANG_WARN_INFINITE_RECURSION = YES;
				CLANG_WARN_INT_CONVERSION = YES;
				CLANG_WARN_NON_LITERAL_NULL_CONVERSION = YES;
				CLANG_WARN_OBJC_IMPLICIT_RETAIN_SELF = YES;
				CLANG_WARN_OBJC_LITERAL_CONVERSION = YES;
				CLANG_WARN_OBJC_ROOT_CLASS = YES_ERROR;
				CLANG_WARN_QUOTED_INCLUDE_IN_FRAMEWORK_HEADER = YES;
				CLANG_WARN_RANGE_LOOP_ANALYSIS = YES;
				CLANG_WARN_STRICT_PROTOTYPES = YES;
				CLANG_WARN_SUSPICIOUS_MOVE = YES;
				CLANG_WARN_UNGUARDED_AVAILABILITY = YES_AGGRESSIVE;
				CLANG_WARN_UNREACHABLE_CODE = YES;
				CLANG_WARN__DUPLICATE_METHOD_MATCH = YES;
				COPY_PHASE_STRIP = NO;
				DEBUG_INFORMATION_FORMAT = "dwarf-with-dsym";
				ENABLE_NS_ASSERTIONS = NO;
				ENABLE_STRICT_OBJC_MSGSEND = YES;
				GCC_C_LANGUAGE_STANDARD = gnu11;
				GCC_NO_COMMON_BLOCKS = YES;
				GCC_WARN_64_TO_32_BIT_CONVERSION = YES;
				GCC_WARN_ABOUT_RETURN_TYPE = YES_ERROR;
				GCC_WARN_UNDECLARED_SELECTOR = YES;
				GCC_WARN_UNINITIALIZED_AUTOS = YES_AGGRESSIVE;
				GCC_WARN_UNUSED_FUNCTION = YES;
				GCC_WARN_UNUSED_VARIABLE = YES;
				IPHONEOS_DEPLOYMENT_TARGET = 15.0;
				MTL_ENABLE_DEBUG_INFO = NO;
				MTL_FAST_MATH = YES;
				SDKROOT = iphoneos;
				SWIFT_COMPILATION_MODE = wholemodule;
				SWIFT_OPTIMIZATION_LEVEL = "-O";
				VALIDATE_PRODUCT = YES;
			};
			name = Release;
		};
		ADA2DAC426744DB3000C7501 /* Debug */ = {
			isa = XCBuildConfiguration;
			buildSettings = {
				ASSETCATALOG_COMPILER_APPICON_NAME = AppIcon;
				ASSETCATALOG_COMPILER_GLOBAL_ACCENT_COLOR_NAME = AccentColor;
				CODE_SIGN_ENTITLEMENTS = Chargestate/Chargestate.entitlements;
				CODE_SIGN_STYLE = Automatic;
				CURRENT_PROJECT_VERSION = 1;
				DEVELOPMENT_ASSET_PATHS = "\"Chargestate/Preview Content\"";
				DEVELOPMENT_TEAM = T9TK8ZB74W;
				ENABLE_PREVIEWS = YES;
				GENERATE_INFOPLIST_FILE = YES;
				INFOPLIST_FILE = Chargestate/Info.plist;
				INFOPLIST_KEY_CFBundleExecutable = Chargestate;
				INFOPLIST_KEY_CFBundleName = Chargestate;
				INFOPLIST_KEY_CFBundleVersion = 1;
				INFOPLIST_KEY_UIApplicationSceneManifest_Generation = YES;
				INFOPLIST_KEY_UIApplicationSupportsIndirectInputEvents = YES;
				INFOPLIST_KEY_UILaunchScreen_Generation = YES;
				INFOPLIST_KEY_UISupportedInterfaceOrientations_iPad = "UIInterfaceOrientationPortrait UIInterfaceOrientationPortraitUpsideDown UIInterfaceOrientationLandscapeLeft UIInterfaceOrientationLandscapeRight";
				INFOPLIST_KEY_UISupportedInterfaceOrientations_iPhone = "UIInterfaceOrientationPortrait UIInterfaceOrientationLandscapeLeft UIInterfaceOrientationLandscapeRight";
				IPHONEOS_DEPLOYMENT_TARGET = 15.0;
				LD_RUNPATH_SEARCH_PATHS = (
					"$(inherited)",
					"@executable_path/Frameworks",
				);
				MARKETING_VERSION = 1.0;
				PRODUCT_BUNDLE_IDENTIFIER = com.avakil.Chargestate;
				PRODUCT_NAME = "$(TARGET_NAME)";
				SWIFT_EMIT_LOC_STRINGS = YES;
				SWIFT_VERSION = 5.0;
				TARGETED_DEVICE_FAMILY = "1,2";
			};
			name = Debug;
		};
		ADA2DAC526744DB3000C7501 /* Release */ = {
			isa = XCBuildConfiguration;
			buildSettings = {
				ASSETCATALOG_COMPILER_APPICON_NAME = AppIcon;
				ASSETCATALOG_COMPILER_GLOBAL_ACCENT_COLOR_NAME = AccentColor;
				CODE_SIGN_ENTITLEMENTS = Chargestate/Chargestate.entitlements;
				CODE_SIGN_STYLE = Automatic;
				CURRENT_PROJECT_VERSION = 1;
				DEVELOPMENT_ASSET_PATHS = "\"Chargestate/Preview Content\"";
				DEVELOPMENT_TEAM = T9TK8ZB74W;
				ENABLE_PREVIEWS = YES;
				GENERATE_INFOPLIST_FILE = YES;
				INFOPLIST_FILE = Chargestate/Info.plist;
				INFOPLIST_KEY_CFBundleExecutable = Chargestate;
				INFOPLIST_KEY_CFBundleName = Chargestate;
				INFOPLIST_KEY_CFBundleVersion = 1;
				INFOPLIST_KEY_UIApplicationSceneManifest_Generation = YES;
				INFOPLIST_KEY_UIApplicationSupportsIndirectInputEvents = YES;
				INFOPLIST_KEY_UILaunchScreen_Generation = YES;
				INFOPLIST_KEY_UISupportedInterfaceOrientations_iPad = "UIInterfaceOrientationPortrait UIInterfaceOrientationPortraitUpsideDown UIInterfaceOrientationLandscapeLeft UIInterfaceOrientationLandscapeRight";
				INFOPLIST_KEY_UISupportedInterfaceOrientations_iPhone = "UIInterfaceOrientationPortrait UIInterfaceOrientationLandscapeLeft UIInterfaceOrientationLandscapeRight";
				IPHONEOS_DEPLOYMENT_TARGET = 15.0;
				LD_RUNPATH_SEARCH_PATHS = (
					"$(inherited)",
					"@executable_path/Frameworks",
				);
				MARKETING_VERSION = 1.0;
				PRODUCT_BUNDLE_IDENTIFIER = com.avakil.Chargestate;
				PRODUCT_NAME = "$(TARGET_NAME)";
				SWIFT_EMIT_LOC_STRINGS = YES;
				SWIFT_VERSION = 5.0;
				TARGETED_DEVICE_FAMILY = "1,2";
			};
			name = Release;
		};
/* End XCBuildConfiguration section */

/* Begin XCConfigurationList section */
		ADA2DAAB26744DB2000C7501 /* Build configuration list for PBXProject "Chargestate" */ = {
			isa = XCConfigurationList;
			buildConfigurations = (
				ADA2DAC126744DB3000C7501 /* Debug */,
				ADA2DAC226744DB3000C7501 /* Release */,
			);
			defaultConfigurationIsVisible = 0;
			defaultConfigurationName = Release;
		};
		ADA2DAC326744DB3000C7501 /* Build configuration list for PBXNativeTarget "Chargestate" */ = {
			isa = XCConfigurationList;
			buildConfigurations = (
				ADA2DAC426744DB3000C7501 /* Debug */,
				ADA2DAC526744DB3000C7501 /* Release */,
			);
			defaultConfigurationIsVisible = 0;
			defaultConfigurationName = Release;
		};
/* End XCConfigurationList section */

/* Begin XCRemoteSwiftPackageReference section */
		AD139CB5268960AF00EAA27A /* XCRemoteSwiftPackageReference "aws-sdk-ios-spm" */ = {
			isa = XCRemoteSwiftPackageReference;
			repositoryURL = "https://github.com/aws-amplify/aws-sdk-ios-spm";
			requirement = {
				kind = upToNextMajorVersion;
				minimumVersion = 2.0.0;
			};
		};
		ADA2DAD32675E6AF000C7501 /* XCRemoteSwiftPackageReference "ChartView" */ = {
			isa = XCRemoteSwiftPackageReference;
			repositoryURL = "https://github.com/AppPear/ChartView";
			requirement = {
				kind = upToNextMajorVersion;
				minimumVersion = 1.5.5;
			};
		};
		ADF474EE267D3EC400F74A91 /* XCRemoteSwiftPackageReference "keychain-swift" */ = {
			isa = XCRemoteSwiftPackageReference;
			repositoryURL = "https://github.com/evgenyneu/keychain-swift.git";
			requirement = {
				kind = revision;
				revision = e538f8bb0434c70d27b25ca72bec96735183c037;
			};
		};
/* End XCRemoteSwiftPackageReference section */

/* Begin XCSwiftPackageProductDependency section */
		AD139CB6268960AF00EAA27A /* AWSCore */ = {
			isa = XCSwiftPackageProductDependency;
			package = AD139CB5268960AF00EAA27A /* XCRemoteSwiftPackageReference "aws-sdk-ios-spm" */;
			productName = AWSCore;
		};
		AD139CB8268960AF00EAA27A /* AWSLambda */ = {
			isa = XCSwiftPackageProductDependency;
			package = AD139CB5268960AF00EAA27A /* XCRemoteSwiftPackageReference "aws-sdk-ios-spm" */;
			productName = AWSLambda;
		};
		AD139CBA268960AF00EAA27A /* AWSSNS */ = {
			isa = XCSwiftPackageProductDependency;
			package = AD139CB5268960AF00EAA27A /* XCRemoteSwiftPackageReference "aws-sdk-ios-spm" */;
			productName = AWSSNS;
		};
		ADA2DAD42675E6AF000C7501 /* SwiftUICharts */ = {
			isa = XCSwiftPackageProductDependency;
			package = ADA2DAD32675E6AF000C7501 /* XCRemoteSwiftPackageReference "ChartView" */;
			productName = SwiftUICharts;
		};
		ADF474EF267D3EC400F74A91 /* KeychainSwift */ = {
			isa = XCSwiftPackageProductDependency;
			package = ADF474EE267D3EC400F74A91 /* XCRemoteSwiftPackageReference "keychain-swift" */;
			productName = KeychainSwift;
		};
/* End XCSwiftPackageProductDependency section */

/* Begin XCVersionGroup section */
		ADA2DABE26744DB3000C7501 /* Chargestate.xcdatamodeld */ = {
			isa = XCVersionGroup;
			children = (
				ADA2DABF26744DB3000C7501 /* Chargestate.xcdatamodel */,
			);
			currentVersion = ADA2DABF26744DB3000C7501 /* Chargestate.xcdatamodel */;
			path = Chargestate.xcdatamodeld;
			sourceTree = "<group>";
			versionGroupType = wrapper.xcdatamodel;
		};
/* End XCVersionGroup section */
	};
	rootObject = ADA2DAA826744DB2000C7501 /* Project object */;
}
